
Microsoft Visual Studio Solution File, Format Version 12.00
# Visual Studio Version 17
VisualStudioVersion = 17.5.002.0
MinimumVisualStudioVersion = 10.0.40219.1
Project("{9A19103F-16F7-4668-BE54-9A1E7A4F7556}") = "AllAboutSpanInCSharp", "AllAboutSpanInCSharp.csproj", "{939FB60B-3E4C-44FC-BFB5-CA7818A87D7F}"
EndProject
Global
	GlobalSection(SolutionConfigurationPlatforms) = preSolution
		Debug|Any CPU = Debug|Any CPU
		Release|Any CPU = Release|Any CPU
	EndGlobalSection
	GlobalSection(ProjectConfigurationPlatforms) = postSolution
		{939FB60B-3E4C-44FC-BFB5-CA7818A87D7F}.Debug|Any CPU.ActiveCfg = Debug|Any CPU
		{939FB60B-3E4C-44FC-BFB5-CA7818A87D7F}.Debug|Any CPU.Build.0 = Debug|Any CPU
		{939FB60B-3E4C-44FC-BFB5-CA7818A87D7F}.Release|Any CPU.ActiveCfg = Release|Any CPU
		{939FB60B-3E4C-44FC-BFB5-CA7818A87D7F}.Release|Any CPU.Build.0 = Release|Any CPU
	EndGlobalSection
	GlobalSection(SolutionProperties) = preSolution
		HideSolutionNode = FALSE
	EndGlobalSection
	GlobalSection(ExtensibilityGlobals) = postSolution
		SolutionGuid = {8A7DEE11-2B0E-44C5-B2C1-5E591802C157}
	EndGlobalSection
EndGlobal
